
Microsoft Visual Studio Solution File, Format Version 12.00
# Visual Studio Version 17
VisualStudioVersion = 17.7.34202.233
MinimumVisualStudioVersion = 10.0.40219.1
Project("{FAE04EC0-301F-11D3-BF4B-00C04F79EFBC}") = "DonationDiary_ASP", "DonationDiary_ASP\DonationDiary_ASP.csproj", "{55B7CB92-F948-445A-B705-608E711B110D}"
EndProject
Global
	GlobalSection(SolutionConfigurationPlatforms) = preSolution
		Debug|Any CPU = Debug|Any CPU
		Release|Any CPU = Release|Any CPU
	EndGlobalSection
	GlobalSection(ProjectConfigurationPlatforms) = postSolution
		{55B7CB92-F948-445A-B705-608E711B110D}.Debug|Any CPU.ActiveCfg = Debug|Any CPU
		{55B7CB92-F948-445A-B705-608E711B110D}.Debug|Any CPU.Build.0 = Debug|Any CPU
		{55B7CB92-F948-445A-B705-608E711B110D}.Release|Any CPU.ActiveCfg = Release|Any CPU
		{55B7CB92-F948-445A-B705-608E711B110D}.Release|Any CPU.Build.0 = Release|Any CPU
	EndGlobalSection
	GlobalSection(SolutionProperties) = preSolution
		HideSolutionNode = FALSE
	EndGlobalSection
	GlobalSection(ExtensibilityGlobals) = postSolution
		SolutionGuid = {1041EEC9-EFBC-49AE-8828-A06CDC6FC7C0}
	EndGlobalSection
EndGlobal
